
Microsoft Visual Studio Solution File, Format Version 12.00
# Visual Studio Version 17
VisualStudioVersion = 17.10.34928.147
MinimumVisualStudioVersion = 10.0.40219.1
Project("{FAE04EC0-301F-11D3-BF4B-00C04F79EFBC}") = "Manager", "Manager\Manager.csproj", "{093478CC-65DB-4FCA-8DC8-7A9E45B63581}"
EndProject
Global
	GlobalSection(SolutionConfigurationPlatforms) = preSolution
		Debug|Any CPU = Debug|Any CPU
		Release|Any CPU = Release|Any CPU
	EndGlobalSection
	GlobalSection(ProjectConfigurationPlatforms) = postSolution
		{093478CC-65DB-4FCA-8DC8-7A9E45B63581}.Debug|Any CPU.ActiveCfg = Debug|Any CPU
		{093478CC-65DB-4FCA-8DC8-7A9E45B63581}.Debug|Any CPU.Build.0 = Debug|Any CPU
		{093478CC-65DB-4FCA-8DC8-7A9E45B63581}.Release|Any CPU.ActiveCfg = Release|Any CPU
		{093478CC-65DB-4FCA-8DC8-7A9E45B63581}.Release|Any CPU.Build.0 = Release|Any CPU
	EndGlobalSection
	GlobalSection(SolutionProperties) = preSolution
		HideSolutionNode = FALSE
	EndGlobalSection
	GlobalSection(ExtensibilityGlobals) = postSolution
		SolutionGuid = {8288245E-EE6D-4FA7-BD2F-5053B1488785}
	EndGlobalSection
EndGlobal
